
Microsoft Visual Studio Solution File, Format Version 12.00
# Visual Studio Version 17
VisualStudioVersion = 17.9.34714.143
MinimumVisualStudioVersion = 10.0.40219.1
Project("{FAE04EC0-301F-11D3-BF4B-00C04F79EFBC}") = "KanbanASP.WEB", "KanbanASP\KanbanASP.WEB.csproj", "{AEC5EDE9-A41E-49DE-9F66-6BCE643936A8}"
EndProject
Project("{FAE04EC0-301F-11D3-BF4B-00C04F79EFBC}") = "KanbanASP.DAL", "KanbanASP.DAL\KanbanASP.DAL.csproj", "{C2153112-0033-47A6-AF2F-2297AD3A0D74}"
EndProject
Project("{FAE04EC0-301F-11D3-BF4B-00C04F79EFBC}") = "KanbanASP.BLL", "KanbanASP.BLL\KanbanASP.BLL.csproj", "{36BE5A3E-E6B8-4581-81B9-1D828233076D}"
EndProject
Global
	GlobalSection(SolutionConfigurationPlatforms) = preSolution
		Debug|Any CPU = Debug|Any CPU
		Release|Any CPU = Release|Any CPU
	EndGlobalSection
	GlobalSection(ProjectConfigurationPlatforms) = postSolution
		{AEC5EDE9-A41E-49DE-9F66-6BCE643936A8}.Debug|Any CPU.ActiveCfg = Debug|Any CPU
		{AEC5EDE9-A41E-49DE-9F66-6BCE643936A8}.Debug|Any CPU.Build.0 = Debug|Any CPU
		{AEC5EDE9-A41E-49DE-9F66-6BCE643936A8}.Release|Any CPU.ActiveCfg = Release|Any CPU
		{AEC5EDE9-A41E-49DE-9F66-6BCE643936A8}.Release|Any CPU.Build.0 = Release|Any CPU
		{C2153112-0033-47A6-AF2F-2297AD3A0D74}.Debug|Any CPU.ActiveCfg = Debug|Any CPU
		{C2153112-0033-47A6-AF2F-2297AD3A0D74}.Debug|Any CPU.Build.0 = Debug|Any CPU
		{C2153112-0033-47A6-AF2F-2297AD3A0D74}.Release|Any CPU.ActiveCfg = Release|Any CPU
		{C2153112-0033-47A6-AF2F-2297AD3A0D74}.Release|Any CPU.Build.0 = Release|Any CPU
		{36BE5A3E-E6B8-4581-81B9-1D828233076D}.Debug|Any CPU.ActiveCfg = Debug|Any CPU
		{36BE5A3E-E6B8-4581-81B9-1D828233076D}.Debug|Any CPU.Build.0 = Debug|Any CPU
		{36BE5A3E-E6B8-4581-81B9-1D828233076D}.Release|Any CPU.ActiveCfg = Release|Any CPU
		{36BE5A3E-E6B8-4581-81B9-1D828233076D}.Release|Any CPU.Build.0 = Release|Any CPU
	EndGlobalSection
	GlobalSection(SolutionProperties) = preSolution
		HideSolutionNode = FALSE
	EndGlobalSection
	GlobalSection(ExtensibilityGlobals) = postSolution
		SolutionGuid = {06FD9134-D0DD-404F-9B82-07856269CCA2}
	EndGlobalSection
EndGlobal
